
Microsoft Visual Studio Solution File, Format Version 12.00
# Visual Studio Version 17
VisualStudioVersion = 17.14.36414.22 d17.14
MinimumVisualStudioVersion = 10.0.40219.1
Project("{FAE04EC0-301F-11D3-BF4B-00C04F79EFBC}") = "VectorApp", "VectorApp.csproj", "{54333CCE-4AC8-4E4E-9D88-211B5856E80B}"
EndProject
Global
	GlobalSection(SolutionConfigurationPlatforms) = preSolution
		Debug|Any CPU = Debug|Any CPU
		Release|Any CPU = Release|Any CPU
	EndGlobalSection
	GlobalSection(ProjectConfigurationPlatforms) = postSolution
		{54333CCE-4AC8-4E4E-9D88-211B5856E80B}.Debug|Any CPU.ActiveCfg = Debug|Any CPU
		{54333CCE-4AC8-4E4E-9D88-211B5856E80B}.Debug|Any CPU.Build.0 = Debug|Any CPU
		{54333CCE-4AC8-4E4E-9D88-211B5856E80B}.Release|Any CPU.ActiveCfg = Release|Any CPU
		{54333CCE-4AC8-4E4E-9D88-211B5856E80B}.Release|Any CPU.Build.0 = Release|Any CPU
	EndGlobalSection
	GlobalSection(SolutionProperties) = preSolution
		HideSolutionNode = FALSE
	EndGlobalSection
	GlobalSection(ExtensibilityGlobals) = postSolution
		SolutionGuid = {81919EFF-7193-44A3-B30A-2289BC1F5829}
	EndGlobalSection
EndGlobal
