
Microsoft Visual Studio Solution File, Format Version 12.00
# Visual Studio Version 17
VisualStudioVersion = 17.14.36429.23 d17.14
MinimumVisualStudioVersion = 10.0.40219.1
Project("{FAE04EC0-301F-11D3-BF4B-00C04F79EFBC}") = "lab8", "lab8.csproj", "{C6FF7BDA-843C-4E8B-BAC9-2139DC3F8999}"
EndProject
Global
	GlobalSection(SolutionConfigurationPlatforms) = preSolution
		Debug|Any CPU = Debug|Any CPU
		Release|Any CPU = Release|Any CPU
	EndGlobalSection
	GlobalSection(ProjectConfigurationPlatforms) = postSolution
		{C6FF7BDA-843C-4E8B-BAC9-2139DC3F8999}.Debug|Any CPU.ActiveCfg = Debug|Any CPU
		{C6FF7BDA-843C-4E8B-BAC9-2139DC3F8999}.Debug|Any CPU.Build.0 = Debug|Any CPU
		{C6FF7BDA-843C-4E8B-BAC9-2139DC3F8999}.Release|Any CPU.ActiveCfg = Release|Any CPU
		{C6FF7BDA-843C-4E8B-BAC9-2139DC3F8999}.Release|Any CPU.Build.0 = Release|Any CPU
	EndGlobalSection
	GlobalSection(SolutionProperties) = preSolution
		HideSolutionNode = FALSE
	EndGlobalSection
	GlobalSection(ExtensibilityGlobals) = postSolution
		SolutionGuid = {539EAEF7-7D86-4D74-81B1-EF6C14C95B32}
	EndGlobalSection
EndGlobal
