
Microsoft Visual Studio Solution File, Format Version 12.00
# Visual Studio Version 17
VisualStudioVersion = 17.14.36429.23 d17.14
MinimumVisualStudioVersion = 10.0.40219.1
Project("{FAE04EC0-301F-11D3-BF4B-00C04F79EFBC}") = "lab7", "lab7.csproj", "{A50D9C06-EF5B-4A1A-BCAC-C15F083B109C}"
EndProject
Global
	GlobalSection(SolutionConfigurationPlatforms) = preSolution
		Debug|Any CPU = Debug|Any CPU
		Release|Any CPU = Release|Any CPU
	EndGlobalSection
	GlobalSection(ProjectConfigurationPlatforms) = postSolution
		{A50D9C06-EF5B-4A1A-BCAC-C15F083B109C}.Debug|Any CPU.ActiveCfg = Debug|Any CPU
		{A50D9C06-EF5B-4A1A-BCAC-C15F083B109C}.Debug|Any CPU.Build.0 = Debug|Any CPU
		{A50D9C06-EF5B-4A1A-BCAC-C15F083B109C}.Release|Any CPU.ActiveCfg = Release|Any CPU
		{A50D9C06-EF5B-4A1A-BCAC-C15F083B109C}.Release|Any CPU.Build.0 = Release|Any CPU
	EndGlobalSection
	GlobalSection(SolutionProperties) = preSolution
		HideSolutionNode = FALSE
	EndGlobalSection
	GlobalSection(ExtensibilityGlobals) = postSolution
		SolutionGuid = {4C74EC1F-3358-4B08-B8C0-860C6C3A9D04}
	EndGlobalSection
EndGlobal
